
Microsoft Visual Studio Solution File, Format Version 12.00
# Visual Studio Version 17
VisualStudioVersion = 17.4.33103.184
MinimumVisualStudioVersion = 10.0.40219.1
Project("{FAE04EC0-301F-11D3-BF4B-00C04F79EFBC}") = "AttendancyApp", "AttendancyApp\AttendancyApp.csproj", "{123831D4-A8B4-4D12-9889-3C89362A0710}"
EndProject
Global
	GlobalSection(SolutionConfigurationPlatforms) = preSolution
		Debug|Any CPU = Debug|Any CPU
		Release|Any CPU = Release|Any CPU
	EndGlobalSection
	GlobalSection(ProjectConfigurationPlatforms) = postSolution
		{123831D4-A8B4-4D12-9889-3C89362A0710}.Debug|Any CPU.ActiveCfg = Debug|Any CPU
		{123831D4-A8B4-4D12-9889-3C89362A0710}.Debug|Any CPU.Build.0 = Debug|Any CPU
		{123831D4-A8B4-4D12-9889-3C89362A0710}.Release|Any CPU.ActiveCfg = Release|Any CPU
		{123831D4-A8B4-4D12-9889-3C89362A0710}.Release|Any CPU.Build.0 = Release|Any CPU
	EndGlobalSection
	GlobalSection(SolutionProperties) = preSolution
		HideSolutionNode = FALSE
	EndGlobalSection
	GlobalSection(ExtensibilityGlobals) = postSolution
		SolutionGuid = {60FCEB71-289F-4F7F-B1D4-FBCE3E7FFD8A}
	EndGlobalSection
EndGlobal
